
Microsoft Visual Studio Solution File, Format Version 12.00
# Visual Studio Version 16
VisualStudioVersion = 16.0.29920.165
MinimumVisualStudioVersion = 10.0.40219.1
Project("{2150E333-8FDC-42A3-9474-1A3956D46DE8}") = "src", "src", "{894E5DC6-F365-4A89-98C0-CC96D4FB3344}"
EndProject
Project("{2150E333-8FDC-42A3-9474-1A3956D46DE8}") = "test", "test", "{99294DF2-59F0-49A1-B226-1B899C56AA98}"
EndProject
Project("{2150E333-8FDC-42A3-9474-1A3956D46DE8}") = "core", "core", "{B269F471-12E9-4712-A721-6C7F5EC5E70B}"
EndProject
Project("{9A19103F-16F7-4668-BE54-9A1E7A4F7556}") = "BlogEngine.Domain.Core", "core\BlogEngine.Domain.Core\BlogEngine.Domain.Core.csproj", "{C85A0AFB-A4D0-4D93-8228-D3C350AD4F7F}"
EndProject
Project("{9A19103F-16F7-4668-BE54-9A1E7A4F7556}") = "BlogEngine.Application.Core", "core\BlogEngine.Application.Core\BlogEngine.Application.Core.csproj", "{0F0BFAE2-7A10-477A-98E0-59F7B487DB3C}"
EndProject
Project("{9A19103F-16F7-4668-BE54-9A1E7A4F7556}") = "BlogEngine.Infrastructure.Core", "core\BlogEngine.Infrastructure.Core\BlogEngine.Infrastructure.Core.csproj", "{A8E3FD9F-90EE-428F-BE35-36D12AB9A6CD}"
EndProject
Project("{9A19103F-16F7-4668-BE54-9A1E7A4F7556}") = "BlogEngine.API.Core", "core\BlogEngine.API.Core\BlogEngine.API.Core.csproj", "{19AB6EE8-F389-4026-8DD7-26E1226F4D6B}"
EndProject
Project("{2150E333-8FDC-42A3-9474-1A3956D46DE8}") = "Articles", "Articles", "{87E272B9-F064-46DE-A4CE-8C519497D3A2}"
EndProject
Project("{2150E333-8FDC-42A3-9474-1A3956D46DE8}") = "Subscriptions", "Subscriptions", "{EB6E2F28-EEDB-41A5-BAD8-00D5A122ABE0}"
EndProject
Project("{2150E333-8FDC-42A3-9474-1A3956D46DE8}") = "src", "src", "{A8A82025-F31C-47B1-BE15-E6F2214B7651}"
EndProject
Project("{2150E333-8FDC-42A3-9474-1A3956D46DE8}") = "test", "test", "{BF17F49E-E30F-4E0A-A3F3-A7DEE399BFBC}"
EndProject
Project("{9A19103F-16F7-4668-BE54-9A1E7A4F7556}") = "BlogEngine.Articles.Application", "src\Articles\src\BlogEngine.Articles.Application\BlogEngine.Articles.Application.csproj", "{52CC0241-63EC-43C3-9216-C3BBF6159018}"
EndProject
Project("{9A19103F-16F7-4668-BE54-9A1E7A4F7556}") = "BlogEngine.Articles.Domain", "src\Articles\src\BlogEngine.Articles.Domain\BlogEngine.Articles.Domain.csproj", "{0453783D-7F47-4FC9-B2D9-5A8B285974B8}"
EndProject
Project("{9A19103F-16F7-4668-BE54-9A1E7A4F7556}") = "BlogEngine.Articles.Infrastructure.SqlServer", "src\Articles\src\BlogEngine.Articles.Infrastructure.SqlServer\BlogEngine.Articles.Infrastructure.SqlServer.csproj", "{A0662865-71DD-4711-B3F0-F9ABAC9C20BA}"
EndProject
Project("{9A19103F-16F7-4668-BE54-9A1E7A4F7556}") = "BlogEngine.Articles.API", "src\Articles\src\BlogEngine.Articles.API\BlogEngine.Articles.API.csproj", "{318EFA5D-F21A-4D5D-B1A7-3A7F41346158}"
EndProject
Project("{9A19103F-16F7-4668-BE54-9A1E7A4F7556}") = "BlogEngine.Articles.Domain.Tests", "src\Articles\test\BlogEngine.Articles.Domain.Tests\BlogEngine.Articles.Domain.Tests.csproj", "{2FF00735-C05F-4006-8DE5-60E34898DC44}"
EndProject
Project("{2150E333-8FDC-42A3-9474-1A3956D46DE8}") = "src", "src", "{E21DDB26-0D79-4CE4-AD54-B10E1FC630A4}"
EndProject
Project("{2150E333-8FDC-42A3-9474-1A3956D46DE8}") = "test", "test", "{F633F187-1EB5-48F7-AD88-239E2CEEE6CA}"
EndProject
Project("{E53339B2-1760-4266-BCC7-CA923CBCF16C}") = "docker-compose", "docker-compose.dcproj", "{DBA4D45B-B95E-4391-B4DA-1FBC326D745A}"
EndProject
Project("{9A19103F-16F7-4668-BE54-9A1E7A4F7556}") = "BlogEngine.Subscriptions.Domain", "src\Subscriptions\src\BlogEngine.Subscriptions.Domain\BlogEngine.Subscriptions.Domain.csproj", "{6065B37F-9114-4469-95FC-2A6FC8503043}"
EndProject
Project("{2150E333-8FDC-42A3-9474-1A3956D46DE8}") = ".Common", ".Common", "{C01856AC-6DCE-4AAD-B3BB-44E41E74E1DB}"
EndProject
Project("{9A19103F-16F7-4668-BE54-9A1E7A4F7556}") = "BlogEngine.Domain.Common", "src\.Common\BlogEngine.Domain.Common\BlogEngine.Domain.Common.csproj", "{3B06C39F-2BFF-4FD9-98EC-4BFEA86D6273}"
EndProject
Project("{9A19103F-16F7-4668-BE54-9A1E7A4F7556}") = "BlogEngine.Subscriptions.Application", "src\Subscriptions\src\BlogEngine.Subscriptions.Application\BlogEngine.Subscriptions.Application.csproj", "{14F104B3-118F-4326-B067-ABF3E9541ED7}"
EndProject
Project("{9A19103F-16F7-4668-BE54-9A1E7A4F7556}") = "BlogEngine.Subscriptions.Infrastructure.SqlServer", "src\Subscriptions\src\BlogEngine.Subscriptions.Infrastructure.SqlServer\BlogEngine.Subscriptions.Infrastructure.SqlServer.csproj", "{3D09FA47-D2A0-4C26-8205-C4183110ED29}"
EndProject
Project("{9A19103F-16F7-4668-BE54-9A1E7A4F7556}") = "BlogEngine.Subscriptions.API", "src\Subscriptions\src\BlogEngine.Subscriptions.API\BlogEngine.Subscriptions.API.csproj", "{FA0BB630-722E-4499-8D9A-D62031580794}"
EndProject
Project("{9A19103F-16F7-4668-BE54-9A1E7A4F7556}") = "BlogEngine.Articles.Infrastructure.UpdateDatabase", "src\Articles\src\BlogEngine.Articles.Infrastructure.UpdateDatabase\BlogEngine.Articles.Infrastructure.UpdateDatabase.csproj", "{B747A67D-A443-410F-AAFA-E60928990076}"
EndProject
Project("{9A19103F-16F7-4668-BE54-9A1E7A4F7556}") = "BlogEngine.Subscriptions.Infrastructure.Smtp", "src\Subscriptions\src\BlogEngine.Subscriptions.Infrastructure.Smtp\BlogEngine.Subscriptions.Infrastructure.Smtp.csproj", "{DEF99DF1-5302-4096-9E38-D39A9865AA87}"
EndProject
Project("{9A19103F-16F7-4668-BE54-9A1E7A4F7556}") = "BlogEngine.Articles.Events", "src\Articles\src\BlogEngine.Articles.Events\BlogEngine.Articles.Events.csproj", "{1D745CDC-9DF9-4BA7-8745-2315553DB4C7}"
EndProject
Project("{9A19103F-16F7-4668-BE54-9A1E7A4F7556}") = "BlogEngine.Events.Core", "core\BlogEngine.Events.Core\BlogEngine.Events.Core.csproj", "{8145713A-2A39-4168-87E7-0C9EC65B832B}"
EndProject
Project("{9A19103F-16F7-4668-BE54-9A1E7A4F7556}") = "BlogEngine.Messaging.RabbitMq", "core\BlogEngine.Messaging.RabbitMq\BlogEngine.Messaging.RabbitMq.csproj", "{A24BFD2B-1A1C-4CD4-B4EA-2318D9CB81A8}"
EndProject
Project("{FAE04EC0-301F-11D3-BF4B-00C04F79EFBC}") = "BlogEngine.Infrastructure.SqlServer.Core", "core\BlogEngine.Infrastructure.SqlServer.Core\BlogEngine.Infrastructure.SqlServer.Core.csproj", "{B5024C1B-4F70-4F80-AE40-B6E5AC3E5E48}"
EndProject
Global
	GlobalSection(SolutionConfigurationPlatforms) = preSolution
		Debug|Any CPU = Debug|Any CPU
		Release|Any CPU = Release|Any CPU
	EndGlobalSection
	GlobalSection(ProjectConfigurationPlatforms) = postSolution
		{C85A0AFB-A4D0-4D93-8228-D3C350AD4F7F}.Debug|Any CPU.ActiveCfg = Debug|Any CPU
		{C85A0AFB-A4D0-4D93-8228-D3C350AD4F7F}.Debug|Any CPU.Build.0 = Debug|Any CPU
		{C85A0AFB-A4D0-4D93-8228-D3C350AD4F7F}.Release|Any CPU.ActiveCfg = Release|Any CPU
		{C85A0AFB-A4D0-4D93-8228-D3C350AD4F7F}.Release|Any CPU.Build.0 = Release|Any CPU
		{0F0BFAE2-7A10-477A-98E0-59F7B487DB3C}.Debug|Any CPU.ActiveCfg = Debug|Any CPU
		{0F0BFAE2-7A10-477A-98E0-59F7B487DB3C}.Debug|Any CPU.Build.0 = Debug|Any CPU
		{0F0BFAE2-7A10-477A-98E0-59F7B487DB3C}.Release|Any CPU.ActiveCfg = Release|Any CPU
		{0F0BFAE2-7A10-477A-98E0-59F7B487DB3C}.Release|Any CPU.Build.0 = Release|Any CPU
		{A8E3FD9F-90EE-428F-BE35-36D12AB9A6CD}.Debug|Any CPU.ActiveCfg = Debug|Any CPU
		{A8E3FD9F-90EE-428F-BE35-36D12AB9A6CD}.Debug|Any CPU.Build.0 = Debug|Any CPU
		{A8E3FD9F-90EE-428F-BE35-36D12AB9A6CD}.Release|Any CPU.ActiveCfg = Release|Any CPU
		{A8E3FD9F-90EE-428F-BE35-36D12AB9A6CD}.Release|Any CPU.Build.0 = Release|Any CPU
		{19AB6EE8-F389-4026-8DD7-26E1226F4D6B}.Debug|Any CPU.ActiveCfg = Debug|Any CPU
		{19AB6EE8-F389-4026-8DD7-26E1226F4D6B}.Debug|Any CPU.Build.0 = Debug|Any CPU
		{19AB6EE8-F389-4026-8DD7-26E1226F4D6B}.Release|Any CPU.ActiveCfg = Release|Any CPU
		{19AB6EE8-F389-4026-8DD7-26E1226F4D6B}.Release|Any CPU.Build.0 = Release|Any CPU
		{52CC0241-63EC-43C3-9216-C3BBF6159018}.Debug|Any CPU.ActiveCfg = Debug|Any CPU
		{52CC0241-63EC-43C3-9216-C3BBF6159018}.Debug|Any CPU.Build.0 = Debug|Any CPU
		{52CC0241-63EC-43C3-9216-C3BBF6159018}.Release|Any CPU.ActiveCfg = Release|Any CPU
		{52CC0241-63EC-43C3-9216-C3BBF6159018}.Release|Any CPU.Build.0 = Release|Any CPU
		{0453783D-7F47-4FC9-B2D9-5A8B285974B8}.Debug|Any CPU.ActiveCfg = Debug|Any CPU
		{0453783D-7F47-4FC9-B2D9-5A8B285974B8}.Debug|Any CPU.Build.0 = Debug|Any CPU
		{0453783D-7F47-4FC9-B2D9-5A8B285974B8}.Release|Any CPU.ActiveCfg = Release|Any CPU
		{0453783D-7F47-4FC9-B2D9-5A8B285974B8}.Release|Any CPU.Build.0 = Release|Any CPU
		{A0662865-71DD-4711-B3F0-F9ABAC9C20BA}.Debug|Any CPU.ActiveCfg = Debug|Any CPU
		{A0662865-71DD-4711-B3F0-F9ABAC9C20BA}.Debug|Any CPU.Build.0 = Debug|Any CPU
		{A0662865-71DD-4711-B3F0-F9ABAC9C20BA}.Release|Any CPU.ActiveCfg = Release|Any CPU
		{A0662865-71DD-4711-B3F0-F9ABAC9C20BA}.Release|Any CPU.Build.0 = Release|Any CPU
		{318EFA5D-F21A-4D5D-B1A7-3A7F41346158}.Debug|Any CPU.ActiveCfg = Debug|Any CPU
		{318EFA5D-F21A-4D5D-B1A7-3A7F41346158}.Debug|Any CPU.Build.0 = Debug|Any CPU
		{318EFA5D-F21A-4D5D-B1A7-3A7F41346158}.Release|Any CPU.ActiveCfg = Release|Any CPU
		{318EFA5D-F21A-4D5D-B1A7-3A7F41346158}.Release|Any CPU.Build.0 = Release|Any CPU
		{2FF00735-C05F-4006-8DE5-60E34898DC44}.Debug|Any CPU.ActiveCfg = Debug|Any CPU
		{2FF00735-C05F-4006-8DE5-60E34898DC44}.Debug|Any CPU.Build.0 = Debug|Any CPU
		{2FF00735-C05F-4006-8DE5-60E34898DC44}.Release|Any CPU.ActiveCfg = Release|Any CPU
		{2FF00735-C05F-4006-8DE5-60E34898DC44}.Release|Any CPU.Build.0 = Release|Any CPU
		{DBA4D45B-B95E-4391-B4DA-1FBC326D745A}.Debug|Any CPU.ActiveCfg = Debug|Any CPU
		{DBA4D45B-B95E-4391-B4DA-1FBC326D745A}.Debug|Any CPU.Build.0 = Debug|Any CPU
		{DBA4D45B-B95E-4391-B4DA-1FBC326D745A}.Release|Any CPU.ActiveCfg = Release|Any CPU
		{DBA4D45B-B95E-4391-B4DA-1FBC326D745A}.Release|Any CPU.Build.0 = Release|Any CPU
		{6065B37F-9114-4469-95FC-2A6FC8503043}.Debug|Any CPU.ActiveCfg = Debug|Any CPU
		{6065B37F-9114-4469-95FC-2A6FC8503043}.Debug|Any CPU.Build.0 = Debug|Any CPU
		{6065B37F-9114-4469-95FC-2A6FC8503043}.Release|Any CPU.ActiveCfg = Release|Any CPU
		{6065B37F-9114-4469-95FC-2A6FC8503043}.Release|Any CPU.Build.0 = Release|Any CPU
		{3B06C39F-2BFF-4FD9-98EC-4BFEA86D6273}.Debug|Any CPU.ActiveCfg = Debug|Any CPU
		{3B06C39F-2BFF-4FD9-98EC-4BFEA86D6273}.Debug|Any CPU.Build.0 = Debug|Any CPU
		{3B06C39F-2BFF-4FD9-98EC-4BFEA86D6273}.Release|Any CPU.ActiveCfg = Release|Any CPU
		{3B06C39F-2BFF-4FD9-98EC-4BFEA86D6273}.Release|Any CPU.Build.0 = Release|Any CPU
		{14F104B3-118F-4326-B067-ABF3E9541ED7}.Debug|Any CPU.ActiveCfg = Debug|Any CPU
		{14F104B3-118F-4326-B067-ABF3E9541ED7}.Debug|Any CPU.Build.0 = Debug|Any CPU
		{14F104B3-118F-4326-B067-ABF3E9541ED7}.Release|Any CPU.ActiveCfg = Release|Any CPU
		{14F104B3-118F-4326-B067-ABF3E9541ED7}.Release|Any CPU.Build.0 = Release|Any CPU
		{3D09FA47-D2A0-4C26-8205-C4183110ED29}.Debug|Any CPU.ActiveCfg = Debug|Any CPU
		{3D09FA47-D2A0-4C26-8205-C4183110ED29}.Debug|Any CPU.Build.0 = Debug|Any CPU
		{3D09FA47-D2A0-4C26-8205-C4183110ED29}.Release|Any CPU.ActiveCfg = Release|Any CPU
		{3D09FA47-D2A0-4C26-8205-C4183110ED29}.Release|Any CPU.Build.0 = Release|Any CPU
		{FA0BB630-722E-4499-8D9A-D62031580794}.Debug|Any CPU.ActiveCfg = Debug|Any CPU
		{FA0BB630-722E-4499-8D9A-D62031580794}.Debug|Any CPU.Build.0 = Debug|Any CPU
		{FA0BB630-722E-4499-8D9A-D62031580794}.Release|Any CPU.ActiveCfg = Release|Any CPU
		{FA0BB630-722E-4499-8D9A-D62031580794}.Release|Any CPU.Build.0 = Release|Any CPU
		{B747A67D-A443-410F-AAFA-E60928990076}.Debug|Any CPU.ActiveCfg = Debug|Any CPU
		{B747A67D-A443-410F-AAFA-E60928990076}.Debug|Any CPU.Build.0 = Debug|Any CPU
		{B747A67D-A443-410F-AAFA-E60928990076}.Release|Any CPU.ActiveCfg = Release|Any CPU
		{B747A67D-A443-410F-AAFA-E60928990076}.Release|Any CPU.Build.0 = Release|Any CPU
		{DEF99DF1-5302-4096-9E38-D39A9865AA87}.Debug|Any CPU.ActiveCfg = Debug|Any CPU
		{DEF99DF1-5302-4096-9E38-D39A9865AA87}.Debug|Any CPU.Build.0 = Debug|Any CPU
		{DEF99DF1-5302-4096-9E38-D39A9865AA87}.Release|Any CPU.ActiveCfg = Release|Any CPU
		{DEF99DF1-5302-4096-9E38-D39A9865AA87}.Release|Any CPU.Build.0 = Release|Any CPU
		{1D745CDC-9DF9-4BA7-8745-2315553DB4C7}.Debug|Any CPU.ActiveCfg = Debug|Any CPU
		{1D745CDC-9DF9-4BA7-8745-2315553DB4C7}.Debug|Any CPU.Build.0 = Debug|Any CPU
		{1D745CDC-9DF9-4BA7-8745-2315553DB4C7}.Release|Any CPU.ActiveCfg = Release|Any CPU
		{1D745CDC-9DF9-4BA7-8745-2315553DB4C7}.Release|Any CPU.Build.0 = Release|Any CPU
		{8145713A-2A39-4168-87E7-0C9EC65B832B}.Debug|Any CPU.ActiveCfg = Debug|Any CPU
		{8145713A-2A39-4168-87E7-0C9EC65B832B}.Debug|Any CPU.Build.0 = Debug|Any CPU
		{8145713A-2A39-4168-87E7-0C9EC65B832B}.Release|Any CPU.ActiveCfg = Release|Any CPU
		{8145713A-2A39-4168-87E7-0C9EC65B832B}.Release|Any CPU.Build.0 = Release|Any CPU
		{A24BFD2B-1A1C-4CD4-B4EA-2318D9CB81A8}.Debug|Any CPU.ActiveCfg = Debug|Any CPU
		{A24BFD2B-1A1C-4CD4-B4EA-2318D9CB81A8}.Debug|Any CPU.Build.0 = Debug|Any CPU
		{A24BFD2B-1A1C-4CD4-B4EA-2318D9CB81A8}.Release|Any CPU.ActiveCfg = Release|Any CPU
		{A24BFD2B-1A1C-4CD4-B4EA-2318D9CB81A8}.Release|Any CPU.Build.0 = Release|Any CPU
		{B5024C1B-4F70-4F80-AE40-B6E5AC3E5E48}.Debug|Any CPU.ActiveCfg = Debug|Any CPU
		{B5024C1B-4F70-4F80-AE40-B6E5AC3E5E48}.Debug|Any CPU.Build.0 = Debug|Any CPU
		{B5024C1B-4F70-4F80-AE40-B6E5AC3E5E48}.Release|Any CPU.ActiveCfg = Release|Any CPU
		{B5024C1B-4F70-4F80-AE40-B6E5AC3E5E48}.Release|Any CPU.Build.0 = Release|Any CPU
	EndGlobalSection
	GlobalSection(SolutionProperties) = preSolution
		HideSolutionNode = FALSE
	EndGlobalSection
	GlobalSection(NestedProjects) = preSolution
		{C85A0AFB-A4D0-4D93-8228-D3C350AD4F7F} = {B269F471-12E9-4712-A721-6C7F5EC5E70B}
		{0F0BFAE2-7A10-477A-98E0-59F7B487DB3C} = {B269F471-12E9-4712-A721-6C7F5EC5E70B}
		{A8E3FD9F-90EE-428F-BE35-36D12AB9A6CD} = {B269F471-12E9-4712-A721-6C7F5EC5E70B}
		{19AB6EE8-F389-4026-8DD7-26E1226F4D6B} = {B269F471-12E9-4712-A721-6C7F5EC5E70B}
		{87E272B9-F064-46DE-A4CE-8C519497D3A2} = {894E5DC6-F365-4A89-98C0-CC96D4FB3344}
		{EB6E2F28-EEDB-41A5-BAD8-00D5A122ABE0} = {894E5DC6-F365-4A89-98C0-CC96D4FB3344}
		{A8A82025-F31C-47B1-BE15-E6F2214B7651} = {87E272B9-F064-46DE-A4CE-8C519497D3A2}
		{BF17F49E-E30F-4E0A-A3F3-A7DEE399BFBC} = {87E272B9-F064-46DE-A4CE-8C519497D3A2}
		{52CC0241-63EC-43C3-9216-C3BBF6159018} = {A8A82025-F31C-47B1-BE15-E6F2214B7651}
		{0453783D-7F47-4FC9-B2D9-5A8B285974B8} = {A8A82025-F31C-47B1-BE15-E6F2214B7651}
		{A0662865-71DD-4711-B3F0-F9ABAC9C20BA} = {A8A82025-F31C-47B1-BE15-E6F2214B7651}
		{318EFA5D-F21A-4D5D-B1A7-3A7F41346158} = {A8A82025-F31C-47B1-BE15-E6F2214B7651}
		{2FF00735-C05F-4006-8DE5-60E34898DC44} = {BF17F49E-E30F-4E0A-A3F3-A7DEE399BFBC}
		{E21DDB26-0D79-4CE4-AD54-B10E1FC630A4} = {EB6E2F28-EEDB-41A5-BAD8-00D5A122ABE0}
		{F633F187-1EB5-48F7-AD88-239E2CEEE6CA} = {EB6E2F28-EEDB-41A5-BAD8-00D5A122ABE0}
		{DBA4D45B-B95E-4391-B4DA-1FBC326D745A} = {894E5DC6-F365-4A89-98C0-CC96D4FB3344}
		{6065B37F-9114-4469-95FC-2A6FC8503043} = {E21DDB26-0D79-4CE4-AD54-B10E1FC630A4}
		{C01856AC-6DCE-4AAD-B3BB-44E41E74E1DB} = {894E5DC6-F365-4A89-98C0-CC96D4FB3344}
		{3B06C39F-2BFF-4FD9-98EC-4BFEA86D6273} = {C01856AC-6DCE-4AAD-B3BB-44E41E74E1DB}
		{14F104B3-118F-4326-B067-ABF3E9541ED7} = {E21DDB26-0D79-4CE4-AD54-B10E1FC630A4}
		{3D09FA47-D2A0-4C26-8205-C4183110ED29} = {E21DDB26-0D79-4CE4-AD54-B10E1FC630A4}
		{FA0BB630-722E-4499-8D9A-D62031580794} = {E21DDB26-0D79-4CE4-AD54-B10E1FC630A4}
		{B747A67D-A443-410F-AAFA-E60928990076} = {A8A82025-F31C-47B1-BE15-E6F2214B7651}
		{DEF99DF1-5302-4096-9E38-D39A9865AA87} = {E21DDB26-0D79-4CE4-AD54-B10E1FC630A4}
		{1D745CDC-9DF9-4BA7-8745-2315553DB4C7} = {A8A82025-F31C-47B1-BE15-E6F2214B7651}
		{8145713A-2A39-4168-87E7-0C9EC65B832B} = {B269F471-12E9-4712-A721-6C7F5EC5E70B}
		{A24BFD2B-1A1C-4CD4-B4EA-2318D9CB81A8} = {B269F471-12E9-4712-A721-6C7F5EC5E70B}
		{B5024C1B-4F70-4F80-AE40-B6E5AC3E5E48} = {B269F471-12E9-4712-A721-6C7F5EC5E70B}
	EndGlobalSection
	GlobalSection(ExtensibilityGlobals) = postSolution
		SolutionGuid = {81E0759F-1CBE-466E-A2DA-5755539BD491}
	EndGlobalSection
EndGlobal
